PODS:
  - Starscream (1.1.2)

DEPENDENCIES:
  - Starscream (from `https://github.com/daltoniam/Starscream.git`)

EXTERNAL SOURCES:
  Starscream:
    :git: https://github.com/daltoniam/Starscream.git

CHECKOUT OPTIONS:
  Starscream:
    :commit: e32674a1eace61898f4b1941eb1ac1364a9326a1
    :git: https://github.com/daltoniam/Starscream.git

SPEC CHECKSUMS:
  Starscream: 58a12fd35a3cb6aaa105716c2d42765f7c1c732f

PODFILE CHECKSUM: 1f4740622d043ca2d10fb4d76dd81d54aed9714e

COCOAPODS: 1.0.0.beta.4
